// !$*UTF8*$!
{
	archiveVersion = 1;
	classes = {
	};
	objectVersion = 54;
	objects = {

/* Begin PBXBuildFile section */
		058B2B129E54B587AA6B1C3C /* QLGISCore.framework in Frameworks */ = {isa = PBXBuildFile; fileRef = 0F31817D12F7A28D0EBA39F8 /* QLGISCore.framework */; };
		0CBC1A1A1879377DBA7729C6 /* PreviewViewController.swift in Sources */ = {isa = PBXBuildFile; fileRef = DCF6A7921B85C7A88BB133E0 /* PreviewViewController.swift */; };
		18E20975242DBE1B167494BC /* QuickLookUI.framework in Frameworks */ = {isa = PBXBuildFile; fileRef = 1F242C89A4534D80F599E6FC /* QuickLookUI.framework */; };
		18F069D53705A0A6405578A1 /* ContentView.swift in Sources */ = {isa = PBXBuildFile; fileRef = 6DEBEDBCCF834400633250FF /* ContentView.swift */; };
		2C0D4B69BDB94AE299E210DB /* PreviewConfiguration.swift in Sources */ = {isa = PBXBuildFile; fileRef = 7587EC9F52305904CFD654DF /* PreviewConfiguration.swift */; };
		31CD31E31963E9711ECC1723 /* PreviewError.swift in Sources */ = {isa = PBXBuildFile; fileRef = E00AEE201493DCE228C3D0FB /* PreviewError.swift */; };
		436DEAE9ECBB66F2C7FD59DD /* QLGISCore.framework in Frameworks */ = {isa = PBXBuildFile; fileRef = 0F31817D12F7A28D0EBA39F8 /* QLGISCore.framework */; };
		43CE53707388C16523060C07 /* QLGISCore.framework in Embed Frameworks */ = {isa = PBXBuildFile; fileRef = 0F31817D12F7A28D0EBA39F8 /* QLGISCore.framework */; settings = {ATTRIBUTES = (CodeSignOnCopy, ); }; };
		54D6070CCD94459C2A4823D9 /* QLGISPreviewExtension.appex in Embed Foundation Extensions */ = {isa = PBXBuildFile; fileRef = DCCC43BE186B59EDBF5CEA97 /* QLGISPreviewExtension.appex */; };
		7261FF9530FEFEA1F5B1B79D /* PreviewDataResponseBuilderTests.swift in Sources */ = {isa = PBXBuildFile; fileRef = 765FD3DF15552E87B773A624 /* PreviewDataResponseBuilderTests.swift */; };
		79E72288CA459C8BCF08B55F /* PreviewFileKind.swift in Sources */ = {isa = PBXBuildFile; fileRef = 73AE25C59DC933EFAE2DC3DF /* PreviewFileKind.swift */; };
		7B53384930670C6E465CDD45 /* PreviewFileKindTests.swift in Sources */ = {isa = PBXBuildFile; fileRef = D4553E344D4C213C9DDBCC83 /* PreviewFileKindTests.swift */; };
		80E42A31F2B40C5CFECEF5ED /* PreviewBootstrapTests.swift in Sources */ = {isa = PBXBuildFile; fileRef = F0E47A6325362CB784AF8C5C /* PreviewBootstrapTests.swift */; };
		99769D75FC260935DC155F1A /* QLGISApp.swift in Sources */ = {isa = PBXBuildFile; fileRef = 3AB90FEC8FA7720A745CD233 /* QLGISApp.swift */; };
		9F412D3908A71E089021EE88 /* PreviewBootstrap.swift in Sources */ = {isa = PBXBuildFile; fileRef = 5E188689165833D88AB8F5FC /* PreviewBootstrap.swift */; };
		BA8598B5160A7CBADC7A4399 /* WebKit.framework in Frameworks */ = {isa = PBXBuildFile; fileRef = CB3A30EA01A970DBA40A6FF5 /* WebKit.framework */; };
		BAF47ABE5C169C94105568FE /* PreviewSchemeHandler.swift in Sources */ = {isa = PBXBuildFile; fileRef = 4D74053272BD887A0C3E06BC /* PreviewSchemeHandler.swift */; };
		C10C7B4BBA9FB4B64D838AAE /* Cocoa.framework in Frameworks */ = {isa = PBXBuildFile; fileRef = C12A1CE3B4FD56366906C1FF /* Cocoa.framework */; };
		CF7C8D918229695325BA7D77 /* Cocoa.framework in Frameworks */ = {isa = PBXBuildFile; fileRef = C12A1CE3B4FD56366906C1FF /* Cocoa.framework */; };
		D1071B2F6DF5DC04F2D930EC /* PreviewDataResponseBuilder.swift in Sources */ = {isa = PBXBuildFile; fileRef = 148E37781337857B875CABD7 /* PreviewDataResponseBuilder.swift */; };
		F38A31342C32E7E376EAA192 /* Cocoa.framework in Frameworks */ = {isa = PBXBuildFile; fileRef = C12A1CE3B4FD56366906C1FF /* Cocoa.framework */; };
		F9E0EDCDDB76AAB629875B04 /* Cocoa.framework in Frameworks */ = {isa = PBXBuildFile; fileRef = C12A1CE3B4FD56366906C1FF /* Cocoa.framework */; };
/* End PBXBuildFile section */

/* Begin PBXContainerItemProxy section */
		301C5BB6AC7A7227DF48A861 /* PBXContainerItemProxy */ = {
			isa = PBXContainerItemProxy;
			containerPortal = 106EA2CD658DD95A13D1E752 /* Project object */;
			proxyType = 1;
			remoteGlobalIDString = 3E3075E34A2165291297D5A3;
			remoteInfo = QLGISCore;
		};
		7A8797BB59E7E8EF5DD9F28D /* PBXContainerItemProxy */ = {
			isa = PBXContainerItemProxy;
			containerPortal = 106EA2CD658DD95A13D1E752 /* Project object */;
			proxyType = 1;
			remoteGlobalIDString = 3E3075E34A2165291297D5A3;
			remoteInfo = QLGISCore;
		};
		DFE2D2D5BF8B619713FAB4A1 /* PBXContainerItemProxy */ = {
			isa = PBXContainerItemProxy;
			containerPortal = 106EA2CD658DD95A13D1E752 /* Project object */;
			proxyType = 1;
			remoteGlobalIDString = E135766601AEB67BC1826459;
			remoteInfo = QLGISPreviewExtension;
		};
/* End PBXContainerItemProxy section */

/* Begin PBXCopyFilesBuildPhase section */
		8A211F93F5DF7CC4D5DF4F3E /* Embed Foundation Extensions */ = {
			isa = PBXCopyFilesBuildPhase;
			buildActionMask = 2147483647;
			dstPath = "";
			dstSubfolderSpec = 13;
			files = (
				54D6070CCD94459C2A4823D9 /* QLGISPreviewExtension.appex in Embed Foundation Extensions */,
			);
			name = "Embed Foundation Extensions";
			runOnlyForDeploymentPostprocessing = 0;
		};
		BAF60E65C8F71F75D0CE6693 /* Embed Frameworks */ = {
			isa = PBXCopyFilesBuildPhase;
			buildActionMask = 2147483647;
			dstPath = "";
			dstSubfolderSpec = 10;
			files = (
				43CE53707388C16523060C07 /* QLGISCore.framework in Embed Frameworks */,
			);
			name = "Embed Frameworks";
			runOnlyForDeploymentPostprocessing = 0;
		};
/* End PBXCopyFilesBuildPhase section */

/* Begin PBXFileReference section */
		0A9BB32A79A39C789D5D543F /* Base.xcconfig */ = {isa = PBXFileReference; includeInIndex = 1; lastKnownFileType = text.xcconfig; name = Base.xcconfig; path = Config/Base.xcconfig; sourceTree = "<group>"; };
		0F31817D12F7A28D0EBA39F8 /* QLGISCore.framework */ = {isa = PBXFileReference; explicitFileType = wrapper.framework; includeInIndex = 0; path = QLGISCore.framework; sourceTree = BUILT_PRODUCTS_DIR; };
		148E37781337857B875CABD7 /* PreviewDataResponseBuilder.swift */ = {isa = PBXFileReference; includeInIndex = 1; lastKnownFileType = sourcecode.swift; path = PreviewDataResponseBuilder.swift; sourceTree = "<group>"; };
		1A1BB0A5389AA0C053E61F63 /* QLGISCoreTests.xctest */ = {isa = PBXFileReference; explicitFileType = wrapper.cfbundle; includeInIndex = 0; path = QLGISCoreTests.xctest; sourceTree = BUILT_PRODUCTS_DIR; };
		1F242C89A4534D80F599E6FC /* QuickLookUI.framework */ = {isa = PBXFileReference; lastKnownFileType = wrapper.framework; name = QuickLookUI.framework; path = System/Library/Frameworks/QuickLookUI.framework; sourceTree = "<group>"; };
		3AB90FEC8FA7720A745CD233 /* QLGISApp.swift */ = {isa = PBXFileReference; includeInIndex = 1; lastKnownFileType = sourcecode.swift; path = QLGISApp.swift; sourceTree = "<group>"; };
		4D74053272BD887A0C3E06BC /* PreviewSchemeHandler.swift */ = {isa = PBXFileReference; includeInIndex = 1; lastKnownFileType = sourcecode.swift; path = PreviewSchemeHandler.swift; sourceTree = "<group>"; };
		5E188689165833D88AB8F5FC /* PreviewBootstrap.swift */ = {isa = PBXFileReference; includeInIndex = 1; lastKnownFileType = sourcecode.swift; path = PreviewBootstrap.swift; sourceTree = "<group>"; };
		6DEBEDBCCF834400633250FF /* ContentView.swift */ = {isa = PBXFileReference; includeInIndex = 1; lastKnownFileType = sourcecode.swift; path = ContentView.swift; sourceTree = "<group>"; };
		73AE25C59DC933EFAE2DC3DF /* PreviewFileKind.swift */ = {isa = PBXFileReference; includeInIndex = 1; lastKnownFileType = sourcecode.swift; path = PreviewFileKind.swift; sourceTree = "<group>"; };
		7587EC9F52305904CFD654DF /* PreviewConfiguration.swift */ = {isa = PBXFileReference; includeInIndex = 1; lastKnownFileType = sourcecode.swift; path = PreviewConfiguration.swift; sourceTree = "<group>"; };
		765FD3DF15552E87B773A624 /* PreviewDataResponseBuilderTests.swift */ = {isa = PBXFileReference; includeInIndex = 1; lastKnownFileType = sourcecode.swift; path = PreviewDataResponseBuilderTests.swift; sourceTree = "<group>"; };
		B150F82D0A352554B2EB76CC /* QLGIS.app */ = {isa = PBXFileReference; explicitFileType = wrapper.application; includeInIndex = 0; path = QLGIS.app; sourceTree = BUILT_PRODUCTS_DIR; };
		C12A1CE3B4FD56366906C1FF /* Cocoa.framework */ = {isa = PBXFileReference; lastKnownFileType = wrapper.framework; name = Cocoa.framework; path = Platforms/MacOSX.platform/Developer/SDKs/MacOSX15.0.sdk/System/Library/Frameworks/Cocoa.framework; sourceTree = DEVELOPER_DIR; };
		C6D7D051380FD87F4E9AC666 /* Info.plist */ = {isa = PBXFileReference; includeInIndex = 1; lastKnownFileType = text.plist.xml; path = Info.plist; sourceTree = "<group>"; };
		CB3A30EA01A970DBA40A6FF5 /* WebKit.framework */ = {isa = PBXFileReference; lastKnownFileType = wrapper.framework; name = WebKit.framework; path = System/Library/Frameworks/WebKit.framework; sourceTree = "<group>"; };
		D4553E344D4C213C9DDBCC83 /* PreviewFileKindTests.swift */ = {isa = PBXFileReference; includeInIndex = 1; lastKnownFileType = sourcecode.swift; path = PreviewFileKindTests.swift; sourceTree = "<group>"; };
		DCCC43BE186B59EDBF5CEA97 /* QLGISPreviewExtension.appex */ = {isa = PBXFileReference; explicitFileType = "wrapper.app-extension"; includeInIndex = 0; path = QLGISPreviewExtension.appex; sourceTree = BUILT_PRODUCTS_DIR; };
		DCF6A7921B85C7A88BB133E0 /* PreviewViewController.swift */ = {isa = PBXFileReference; includeInIndex = 1; lastKnownFileType = sourcecode.swift; path = PreviewViewController.swift; sourceTree = "<group>"; };
		E00AEE201493DCE228C3D0FB /* PreviewError.swift */ = {isa = PBXFileReference; includeInIndex = 1; lastKnownFileType = sourcecode.swift; path = PreviewError.swift; sourceTree = "<group>"; };
		F0E47A6325362CB784AF8C5C /* PreviewBootstrapTests.swift */ = {isa = PBXFileReference; includeInIndex = 1; lastKnownFileType = sourcecode.swift; path = PreviewBootstrapTests.swift; sourceTree = "<group>"; };
/* End PBXFileReference section */

/* Begin PBXFrameworksBuildPhase section */
		0373C4853D9FE6B07A6F840C /* Frameworks */ = {
			isa = PBXFrameworksBuildPhase;
			buildActionMask = 2147483647;
			files = (
				C10C7B4BBA9FB4B64D838AAE /* Cocoa.framework in Frameworks */,
				436DEAE9ECBB66F2C7FD59DD /* QLGISCore.framework in Frameworks */,
			);
			runOnlyForDeploymentPostprocessing = 0;
		};
		03C01386490F2394AD2A3144 /* Frameworks */ = {
			isa = PBXFrameworksBuildPhase;
			buildActionMask = 2147483647;
			files = (
				F38A31342C32E7E376EAA192 /* Cocoa.framework in Frameworks */,
				18E20975242DBE1B167494BC /* QuickLookUI.framework in Frameworks */,
				BA8598B5160A7CBADC7A4399 /* WebKit.framework in Frameworks */,
				058B2B129E54B587AA6B1C3C /* QLGISCore.framework in Frameworks */,
			);
			runOnlyForDeploymentPostprocessing = 0;
		};
		A1F65E87C938E6E02E4C3DFD /* Frameworks */ = {
			isa = PBXFrameworksBuildPhase;
			buildActionMask = 2147483647;
			files = (
				F9E0EDCDDB76AAB629875B04 /* Cocoa.framework in Frameworks */,
			);
			runOnlyForDeploymentPostprocessing = 0;
		};
		DB5C15E3B6158A15D0673881 /* Frameworks */ = {
			isa = PBXFrameworksBuildPhase;
			buildActionMask = 2147483647;
			files = (
				CF7C8D918229695325BA7D77 /* Cocoa.framework in Frameworks */,
			);
			runOnlyForDeploymentPostprocessing = 0;
		};
/* End PBXFrameworksBuildPhase section */

/* Begin PBXGroup section */
		15A9F5ADB85329414CE75AD0 /* Products */ = {
			isa = PBXGroup;
			children = (
				B150F82D0A352554B2EB76CC /* QLGIS.app */,
				0F31817D12F7A28D0EBA39F8 /* QLGISCore.framework */,
				DCCC43BE186B59EDBF5CEA97 /* QLGISPreviewExtension.appex */,
				1A1BB0A5389AA0C053E61F63 /* QLGISCoreTests.xctest */,
			);
			name = Products;
			sourceTree = "<group>";
		};
		69D44038B95C59B3A16523B8 /* QLGISCoreTests */ = {
			isa = PBXGroup;
			children = (
				F0E47A6325362CB784AF8C5C /* PreviewBootstrapTests.swift */,
				765FD3DF15552E87B773A624 /* PreviewDataResponseBuilderTests.swift */,
				D4553E344D4C213C9DDBCC83 /* PreviewFileKindTests.swift */,
			);
			path = QLGISCoreTests;
			sourceTree = "<group>";
		};
		9D18DC20AF798F430A88D9AA /* QLGISPreviewExtension */ = {
			isa = PBXGroup;
			children = (
				7587EC9F52305904CFD654DF /* PreviewConfiguration.swift */,
				4D74053272BD887A0C3E06BC /* PreviewSchemeHandler.swift */,
				DCF6A7921B85C7A88BB133E0 /* PreviewViewController.swift */,
			);
			path = QLGISPreviewExtension;
			sourceTree = "<group>";
		};
		A4F6939487A2D9E05B5A2454 /* QLGIS */ = {
			isa = PBXGroup;
			children = (
				6DEBEDBCCF834400633250FF /* ContentView.swift */,
				3AB90FEC8FA7720A745CD233 /* QLGISApp.swift */,
				C6D7D051380FD87F4E9AC666 /* Info.plist */,
			);
			path = QLGIS;
			sourceTree = "<group>";
		};
		C9A8BE2DD6A39A056CB870DD /* OS X */ = {
			isa = PBXGroup;
			children = (
				C12A1CE3B4FD56366906C1FF /* Cocoa.framework */,
			);
			name = "OS X";
			sourceTree = "<group>";
		};
		D8920AB2A910916D39975A60 /* Frameworks */ = {
			isa = PBXGroup;
			children = (
				C9A8BE2DD6A39A056CB870DD /* OS X */,
				1F242C89A4534D80F599E6FC /* QuickLookUI.framework */,
				CB3A30EA01A970DBA40A6FF5 /* WebKit.framework */,
			);
			name = Frameworks;
			sourceTree = "<group>";
		};
		D96C9E85AFAEC4DF160DCF64 = {
			isa = PBXGroup;
			children = (
				15A9F5ADB85329414CE75AD0 /* Products */,
				D8920AB2A910916D39975A60 /* Frameworks */,
				0A9BB32A79A39C789D5D543F /* Base.xcconfig */,
				A4F6939487A2D9E05B5A2454 /* QLGIS */,
				F92D9198C10FAF5A681D09ED /* QLGISCore */,
				9D18DC20AF798F430A88D9AA /* QLGISPreviewExtension */,
				69D44038B95C59B3A16523B8 /* QLGISCoreTests */,
			);
			sourceTree = "<group>";
		};
		F92D9198C10FAF5A681D09ED /* QLGISCore */ = {
			isa = PBXGroup;
			children = (
				5E188689165833D88AB8F5FC /* PreviewBootstrap.swift */,
				148E37781337857B875CABD7 /* PreviewDataResponseBuilder.swift */,
				E00AEE201493DCE228C3D0FB /* PreviewError.swift */,
				73AE25C59DC933EFAE2DC3DF /* PreviewFileKind.swift */,
			);
			path = QLGISCore;
			sourceTree = "<group>";
		};
/* End PBXGroup section */

/* Begin PBXHeadersBuildPhase section */
		0C1EAB415C49A3397A98C98D /* Headers */ = {
			isa = PBXHeadersBuildPhase;
			buildActionMask = 2147483647;
			files = (
			);
			runOnlyForDeploymentPostprocessing = 0;
		};
/* End PBXHeadersBuildPhase section */

/* Begin PBXNativeTarget section */
		3E3075E34A2165291297D5A3 /* QLGISCore */ = {
			isa = PBXNativeTarget;
			buildConfigurationList = B16654A2C9FEABBC5B5E0574 /* Build configuration list for PBXNativeTarget "QLGISCore" */;
			buildPhases = (
				0C1EAB415C49A3397A98C98D /* Headers */,
				7A20368BADDAC3182C0127D0 /* Sources */,
				A1F65E87C938E6E02E4C3DFD /* Frameworks */,
				5C7486FA0015FB2DD76AB894 /* Resources */,
			);
			buildRules = (
			);
			dependencies = (
			);
			name = QLGISCore;
			productName = QLGISCore;
			productReference = 0F31817D12F7A28D0EBA39F8 /* QLGISCore.framework */;
			productType = "com.apple.product-type.framework";
		};
		A4C9998E2812276C92873D64 /* QLGISCoreTests */ = {
			isa = PBXNativeTarget;
			buildConfigurationList = 606B6F5159E25230033E1653 /* Build configuration list for PBXNativeTarget "QLGISCoreTests" */;
			buildPhases = (
				F545CA7E7866E7B515090C80 /* Sources */,
				0373C4853D9FE6B07A6F840C /* Frameworks */,
				F85F893DDB4415D7829ADE69 /* Resources */,
			);
			buildRules = (
			);
			dependencies = (
				6E5FDFB0EEB00E1DA78C27DF /* PBXTargetDependency */,
			);
			name = QLGISCoreTests;
			productName = QLGISCoreTests;
			productReference = 1A1BB0A5389AA0C053E61F63 /* QLGISCoreTests.xctest */;
			productType = "com.apple.product-type.bundle.unit-test";
		};
		E135766601AEB67BC1826459 /* QLGISPreviewExtension */ = {
			isa = PBXNativeTarget;
			buildConfigurationList = CEE4F54CFBBBFA6DA8838792 /* Build configuration list for PBXNativeTarget "QLGISPreviewExtension" */;
			buildPhases = (
				E34A797003F9E9F6647D4C1D /* Sources */,
				03C01386490F2394AD2A3144 /* Frameworks */,
				35B6BA607EC5571329C7C8FD /* Resources */,
				BAF60E65C8F71F75D0CE6693 /* Embed Frameworks */,
				5BA4E974FFF58C55FEE8BF0C /* Build Web Preview */,
			);
			buildRules = (
			);
			dependencies = (
				75923D9608E55ECCAD348BDD /* PBXTargetDependency */,
			);
			name = QLGISPreviewExtension;
			productName = QLGISPreviewExtension;
			productReference = DCCC43BE186B59EDBF5CEA97 /* QLGISPreviewExtension.appex */;
			productType = "com.apple.product-type.app-extension";
		};
		F1548ACD243E5343C32C5171 /* QLGIS */ = {
			isa = PBXNativeTarget;
			buildConfigurationList = 03A7413967DAD85050051BE4 /* Build configuration list for PBXNativeTarget "QLGIS" */;
			buildPhases = (
				AC3DC262263CFB70E5D51815 /* Sources */,
				DB5C15E3B6158A15D0673881 /* Frameworks */,
				BC117C31286EC0316745847F /* Resources */,
				8A211F93F5DF7CC4D5DF4F3E /* Embed Foundation Extensions */,
			);
			buildRules = (
			);
			dependencies = (
				F955F1534D64BB707542347A /* PBXTargetDependency */,
			);
			name = QLGIS;
			productName = QLGIS;
			productReference = B150F82D0A352554B2EB76CC /* QLGIS.app */;
			productType = "com.apple.product-type.application";
		};
/* End PBXNativeTarget section */

/* Begin PBXProject section */
		106EA2CD658DD95A13D1E752 /* Project object */ = {
			isa = PBXProject;
			attributes = {
				BuildIndependentTargetsInParallel = YES;
				LastSwiftUpdateCheck = 1640;
				LastUpgradeCheck = 1640;
				ORGANIZATIONNAME = QLGIS;
			};
			buildConfigurationList = 2F90A42A3FD5539445E60D11 /* Build configuration list for PBXProject "QLGIS" */;
			compatibilityVersion = "Xcode 3.2";
			developmentRegion = en;
			hasScannedForEncodings = 0;
			knownRegions = (
				en,
				Base,
			);
			mainGroup = D96C9E85AFAEC4DF160DCF64;
			productRefGroup = 15A9F5ADB85329414CE75AD0 /* Products */;
			projectDirPath = "";
			projectRoot = "";
			targets = (
				F1548ACD243E5343C32C5171 /* QLGIS */,
				3E3075E34A2165291297D5A3 /* QLGISCore */,
				E135766601AEB67BC1826459 /* QLGISPreviewExtension */,
				A4C9998E2812276C92873D64 /* QLGISCoreTests */,
			);
		};
/* End PBXProject section */

/* Begin PBXResourcesBuildPhase section */
		35B6BA607EC5571329C7C8FD /* Resources */ = {
			isa = PBXResourcesBuildPhase;
			buildActionMask = 2147483647;
			files = (
			);
			runOnlyForDeploymentPostprocessing = 0;
		};
		5C7486FA0015FB2DD76AB894 /* Resources */ = {
			isa = PBXResourcesBuildPhase;
			buildActionMask = 2147483647;
			files = (
			);
			runOnlyForDeploymentPostprocessing = 0;
		};
		BC117C31286EC0316745847F /* Resources */ = {
			isa = PBXResourcesBuildPhase;
			buildActionMask = 2147483647;
			files = (
			);
			runOnlyForDeploymentPostprocessing = 0;
		};
		F85F893DDB4415D7829ADE69 /* Resources */ = {
			isa = PBXResourcesBuildPhase;
			buildActionMask = 2147483647;
			files = (
			);
			runOnlyForDeploymentPostprocessing = 0;
		};
/* End PBXResourcesBuildPhase section */

/* Begin PBXShellScriptBuildPhase section */
		5BA4E974FFF58C55FEE8BF0C /* Build Web Preview */ = {
			isa = PBXShellScriptBuildPhase;
			alwaysOutOfDate = 1;
			buildActionMask = 2147483647;
			files = (
			);
			inputFileListPaths = (
			);
			inputPaths = (
			);
			name = "Build Web Preview";
			outputFileListPaths = (
			);
			outputPaths = (
				"$(DERIVED_FILE_DIR)/web-preview-build.stamp",
			);
			runOnlyForDeploymentPostprocessing = 0;
			shellPath = /bin/sh;
			shellScript = "set -euo pipefail\n\nexport PATH=\"/opt/homebrew/bin:/usr/local/bin:/usr/bin:/bin:$PATH\"\nWEB_ROOT=\"${SRCROOT}/web\"\nNODE_BIN=\"$(command -v node || true)\"\n\nif [ ! -d \"${WEB_ROOT}/node_modules\" ]; then\n  echo \"error: Missing web/node_modules. Run 'npm install' in ${WEB_ROOT} first.\"\n  exit 1\nfi\n\nif [ -z \"${NODE_BIN}\" ]; then\n  echo \"error: Node.js is required to build the web preview bundle.\"\n  exit 1\nfi\n\n\"${NODE_BIN}\" \"${WEB_ROOT}/scripts/build.mjs\"\n\nDESTINATION=\"${TARGET_BUILD_DIR}/${UNLOCALIZED_RESOURCES_FOLDER_PATH}/Web\"\nmkdir -p \"${DESTINATION}\"\nrsync -a --delete \"${WEB_ROOT}/dist/\" \"${DESTINATION}/\"\n\ntouch \"${DERIVED_FILE_DIR}/web-preview-build.stamp\"\n";
		};
/* End PBXShellScriptBuildPhase section */

/* Begin PBXSourcesBuildPhase section */
		7A20368BADDAC3182C0127D0 /* Sources */ = {
			isa = PBXSourcesBuildPhase;
			buildActionMask = 2147483647;
			files = (
				9F412D3908A71E089021EE88 /* PreviewBootstrap.swift in Sources */,
				D1071B2F6DF5DC04F2D930EC /* PreviewDataResponseBuilder.swift in Sources */,
				31CD31E31963E9711ECC1723 /* PreviewError.swift in Sources */,
				79E72288CA459C8BCF08B55F /* PreviewFileKind.swift in Sources */,
			);
			runOnlyForDeploymentPostprocessing = 0;
		};
		AC3DC262263CFB70E5D51815 /* Sources */ = {
			isa = PBXSourcesBuildPhase;
			buildActionMask = 2147483647;
			files = (
				18F069D53705A0A6405578A1 /* ContentView.swift in Sources */,
				99769D75FC260935DC155F1A /* QLGISApp.swift in Sources */,
			);
			runOnlyForDeploymentPostprocessing = 0;
		};
		E34A797003F9E9F6647D4C1D /* Sources */ = {
			isa = PBXSourcesBuildPhase;
			buildActionMask = 2147483647;
			files = (
				2C0D4B69BDB94AE299E210DB /* PreviewConfiguration.swift in Sources */,
				BAF47ABE5C169C94105568FE /* PreviewSchemeHandler.swift in Sources */,
				0CBC1A1A1879377DBA7729C6 /* PreviewViewController.swift in Sources */,
			);
			runOnlyForDeploymentPostprocessing = 0;
		};
		F545CA7E7866E7B515090C80 /* Sources */ = {
			isa = PBXSourcesBuildPhase;
			buildActionMask = 2147483647;
			files = (
				80E42A31F2B40C5CFECEF5ED /* PreviewBootstrapTests.swift in Sources */,
				7261FF9530FEFEA1F5B1B79D /* PreviewDataResponseBuilderTests.swift in Sources */,
				7B53384930670C6E465CDD45 /* PreviewFileKindTests.swift in Sources */,
			);
			runOnlyForDeploymentPostprocessing = 0;
		};
/* End PBXSourcesBuildPhase section */

/* Begin PBXTargetDependency section */
		6E5FDFB0EEB00E1DA78C27DF /* PBXTargetDependency */ = {
			isa = PBXTargetDependency;
			name = QLGISCore;
			target = 3E3075E34A2165291297D5A3 /* QLGISCore */;
			targetProxy = 7A8797BB59E7E8EF5DD9F28D /* PBXContainerItemProxy */;
		};
		75923D9608E55ECCAD348BDD /* PBXTargetDependency */ = {
			isa = PBXTargetDependency;
			name = QLGISCore;
			target = 3E3075E34A2165291297D5A3 /* QLGISCore */;
			targetProxy = 301C5BB6AC7A7227DF48A861 /* PBXContainerItemProxy */;
		};
		F955F1534D64BB707542347A /* PBXTargetDependency */ = {
			isa = PBXTargetDependency;
			name = QLGISPreviewExtension;
			target = E135766601AEB67BC1826459 /* QLGISPreviewExtension */;
			targetProxy = DFE2D2D5BF8B619713FAB4A1 /* PBXContainerItemProxy */;
		};
/* End PBXTargetDependency section */

/* Begin XCBuildConfiguration section */
		0F7908EDC33DFA93F87AE0DF /* Release */ = {
			isa = XCBuildConfiguration;
			baseConfigurationReference = 0A9BB32A79A39C789D5D543F /* Base.xcconfig */;
			buildSettings = {
				ASSETCATALOG_COMPILER_APPICON_NAME = "";
				ASSETCATALOG_COMPILER_GLOBAL_ACCENT_COLOR_NAME = AccentColor;
				CC = /Applications/Xcode.app/Contents/Developer/Toolchains/XcodeDefault.xctoolchain/usr/bin/clang;
				CLANG_ENABLE_EXPLICIT_MODULES = NO;
				CLANG_ENABLE_MODULES = YES;
				CODE_SIGN_ENTITLEMENTS = "";
				"CODE_SIGN_IDENTITY[sdk=macosx*]" = "Apple Development";
				CODE_SIGN_STYLE = Automatic;
				COMBINE_HIDPI_IMAGES = YES;
				CURRENT_PROJECT_VERSION = 1;
				DEAD_CODE_STRIPPING = YES;
				DEVELOPMENT_TEAM = 8GPF2CCDMW;
				GENERATE_INFOPLIST_FILE = NO;
				INFOPLIST_FILE = QLGIS/Info.plist;
				LD = /Applications/Xcode.app/Contents/Developer/Toolchains/XcodeDefault.xctoolchain/usr/bin/clang;
				LDPLUSPLUS = /Applications/Xcode.app/Contents/Developer/Toolchains/XcodeDefault.xctoolchain/usr/bin/clang;
				LD_RUNPATH_SEARCH_PATHS = (
					"$(inherited)",
					"@executable_path/../Frameworks",
				);
				MACOSX_DEPLOYMENT_TARGET = 12.0;
				MARKETING_VERSION = 1.0;
				PRODUCT_BUNDLE_IDENTIFIER = com.qlgis.QLGIS;
				PRODUCT_NAME = "$(TARGET_NAME)";
				SDKROOT = macosx;
				SWIFT_VERSION = 6.0;
			};
			name = Release;
		};
		15F97E6CE67222944697C11F /* Release */ = {
			isa = XCBuildConfiguration;
			buildSettings = {
				ALWAYS_SEARCH_USER_PATHS = NO;
				CLANG_ANALYZER_NONNULL = YES;
				CLANG_ANALYZER_NUMBER_OBJECT_CONVERSION = YES_AGGRESSIVE;
				CLANG_CXX_LANGUAGE_STANDARD = "gnu++14";
				CLANG_CXX_LIBRARY = "libc++";
				CLANG_ENABLE_MODULES = YES;
				CLANG_ENABLE_OBJC_ARC = YES;
				CLANG_ENABLE_OBJC_WEAK = YES;
				CLANG_WARN_BLOCK_CAPTURE_AUTORELEASING = YES;
				CLANG_WARN_BOOL_CONVERSION = YES;
				CLANG_WARN_COMMA = YES;
				CLANG_WARN_CONSTANT_CONVERSION = YES;
				CLANG_WARN_DEPRECATED_OBJC_IMPLEMENTATIONS = YES;
				CLANG_WARN_DIRECT_OBJC_ISA_USAGE = YES_ERROR;
				CLANG_WARN_DOCUMENTATION_COMMENTS = YES;
				CLANG_WARN_EMPTY_BODY = YES;
				CLANG_WARN_ENUM_CONVERSION = YES;
				CLANG_WARN_INFINITE_RECURSION = YES;
				CLANG_WARN_INT_CONVERSION = YES;
				CLANG_WARN_NON_LITERAL_NULL_CONVERSION = YES;
				CLANG_WARN_OBJC_IMPLICIT_RETAIN_SELF = YES;
				CLANG_WARN_OBJC_LITERAL_CONVERSION = YES;
				CLANG_WARN_OBJC_ROOT_CLASS = YES_ERROR;
				CLANG_WARN_QUOTED_INCLUDE_IN_FRAMEWORK_HEADER = YES;
				CLANG_WARN_RANGE_LOOP_ANALYSIS = YES;
				CLANG_WARN_STRICT_PROTOTYPES = YES;
				CLANG_WARN_SUSPICIOUS_MOVE = YES;
				CLANG_WARN_UNGUARDED_AVAILABILITY = YES_AGGRESSIVE;
				CLANG_WARN_UNREACHABLE_CODE = YES;
				CLANG_WARN__DUPLICATE_METHOD_MATCH = YES;
				COPY_PHASE_STRIP = NO;
				DEAD_CODE_STRIPPING = YES;
				DEBUG_INFORMATION_FORMAT = "dwarf-with-dsym";
				ENABLE_NS_ASSERTIONS = NO;
				ENABLE_STRICT_OBJC_MSGSEND = YES;
				GCC_C_LANGUAGE_STANDARD = gnu11;
				GCC_NO_COMMON_BLOCKS = YES;
				GCC_WARN_64_TO_32_BIT_CONVERSION = YES;
				GCC_WARN_ABOUT_RETURN_TYPE = YES_ERROR;
				GCC_WARN_UNDECLARED_SELECTOR = YES;
				GCC_WARN_UNINITIALIZED_AUTOS = YES_AGGRESSIVE;
				GCC_WARN_UNUSED_FUNCTION = YES;
				GCC_WARN_UNUSED_VARIABLE = YES;
				MTL_ENABLE_DEBUG_INFO = NO;
				MTL_FAST_MATH = YES;
				PRODUCT_NAME = "$(TARGET_NAME)";
				SWIFT_COMPILATION_MODE = wholemodule;
				SWIFT_OPTIMIZATION_LEVEL = "-O";
				SWIFT_VERSION = 5.0;
			};
			name = Release;
		};
		5B6976A1A1F5F1BD86CDDD57 /* Release */ = {
			isa = XCBuildConfiguration;
			baseConfigurationReference = 0A9BB32A79A39C789D5D543F /* Base.xcconfig */;
			buildSettings = {
				BUNDLE_LOADER = "";
				CC = /Applications/Xcode.app/Contents/Developer/Toolchains/XcodeDefault.xctoolchain/usr/bin/clang;
				CLANG_ENABLE_EXPLICIT_MODULES = NO;
				CLANG_ENABLE_MODULES = YES;
				CODE_SIGN_STYLE = Automatic;
				CURRENT_PROJECT_VERSION = 1;
				DEAD_CODE_STRIPPING = YES;
				DEVELOPMENT_TEAM = 8GPF2CCDMW;
				GENERATE_INFOPLIST_FILE = YES;
				LD = /Applications/Xcode.app/Contents/Developer/Toolchains/XcodeDefault.xctoolchain/usr/bin/clang;
				LDPLUSPLUS = /Applications/Xcode.app/Contents/Developer/Toolchains/XcodeDefault.xctoolchain/usr/bin/clang;
				LD_RUNPATH_SEARCH_PATHS = (
					"$(inherited)",
					"@loader_path/../Frameworks",
					"@loader_path/Frameworks",
				);
				MACOSX_DEPLOYMENT_TARGET = 12.0;
				MARKETING_VERSION = 1.0;
				PRODUCT_BUNDLE_IDENTIFIER = com.qlgis.QLGIS.QLGISCoreTests;
				PRODUCT_NAME = "$(TARGET_NAME)";
				SDKROOT = macosx;
				SWIFT_VERSION = 6.0;
				TEST_HOST = "";
			};
			name = Release;
		};
		7439086A9352B37CD64ED00A /* Debug */ = {
			isa = XCBuildConfiguration;
			baseConfigurationReference = 0A9BB32A79A39C789D5D543F /* Base.xcconfig */;
			buildSettings = {
				ASSETCATALOG_COMPILER_APPICON_NAME = "";
				ASSETCATALOG_COMPILER_GLOBAL_ACCENT_COLOR_NAME = AccentColor;
				CC = /Applications/Xcode.app/Contents/Developer/Toolchains/XcodeDefault.xctoolchain/usr/bin/clang;
				CLANG_ENABLE_EXPLICIT_MODULES = NO;
				CLANG_ENABLE_MODULES = YES;
				CODE_SIGN_ENTITLEMENTS = "";
				"CODE_SIGN_IDENTITY[sdk=macosx*]" = "Apple Development";
				CODE_SIGN_STYLE = Automatic;
				COMBINE_HIDPI_IMAGES = YES;
				CURRENT_PROJECT_VERSION = 1;
				DEAD_CODE_STRIPPING = YES;
				DEVELOPMENT_TEAM = 8GPF2CCDMW;
				GENERATE_INFOPLIST_FILE = NO;
				INFOPLIST_FILE = QLGIS/Info.plist;
				LD = /Applications/Xcode.app/Contents/Developer/Toolchains/XcodeDefault.xctoolchain/usr/bin/clang;
				LDPLUSPLUS = /Applications/Xcode.app/Contents/Developer/Toolchains/XcodeDefault.xctoolchain/usr/bin/clang;
				LD_RUNPATH_SEARCH_PATHS = (
					"$(inherited)",
					"@executable_path/../Frameworks",
				);
				MACOSX_DEPLOYMENT_TARGET = 12.0;
				MARKETING_VERSION = 1.0;
				PRODUCT_BUNDLE_IDENTIFIER = com.qlgis.QLGIS;
				PRODUCT_NAME = "$(TARGET_NAME)";
				SDKROOT = macosx;
				SWIFT_VERSION = 6.0;
			};
			name = Debug;
		};
		869E1CE4BB5CE34D8C9899A5 /* Debug */ = {
			isa = XCBuildConfiguration;
			baseConfigurationReference = 0A9BB32A79A39C789D5D543F /* Base.xcconfig */;
			buildSettings = {
				CC = /Applications/Xcode.app/Contents/Developer/Toolchains/XcodeDefault.xctoolchain/usr/bin/clang;
				CLANG_ENABLE_EXPLICIT_MODULES = NO;
				CLANG_ENABLE_MODULES = YES;
				CODE_SIGN_IDENTITY = "Apple Development";
				CODE_SIGN_STYLE = Automatic;
				COMBINE_HIDPI_IMAGES = YES;
				CURRENT_PROJECT_VERSION = 1;
				DEAD_CODE_STRIPPING = YES;
				DEFINES_MODULE = YES;
				DEVELOPMENT_TEAM = 8GPF2CCDMW;
				DYLIB_COMPATIBILITY_VERSION = 1;
				DYLIB_CURRENT_VERSION = 1;
				DYLIB_INSTALL_NAME_BASE = "@rpath";
				ENABLE_MODULE_VERIFIER = YES;
				GENERATE_INFOPLIST_FILE = YES;
				INSTALL_PATH = "$(LOCAL_LIBRARY_DIR)/Frameworks";
				LD = /Applications/Xcode.app/Contents/Developer/Toolchains/XcodeDefault.xctoolchain/usr/bin/clang;
				LDPLUSPLUS = /Applications/Xcode.app/Contents/Developer/Toolchains/XcodeDefault.xctoolchain/usr/bin/clang;
				LD_RUNPATH_SEARCH_PATHS = (
					"$(inherited)",
					"@loader_path/Frameworks",
					"@loader_path/../Frameworks",
				);
				MACOSX_DEPLOYMENT_TARGET = 12.0;
				MARKETING_VERSION = 1.0;
				MODULE_VERIFIER_SUPPORTED_LANGUAGE_STANDARDS = "gnu11 gnu++14";
				PRODUCT_BUNDLE_IDENTIFIER = com.qlgis.QLGIS.QLGISCore;
				PRODUCT_NAME = "$(TARGET_NAME)";
				SDKROOT = macosx;
				SKIP_INSTALL = YES;
				SWIFT_VERSION = 6.0;
				VERSIONING_SYSTEM = "apple-generic";
				VERSION_INFO_PREFIX = "";
			};
			name = Debug;
		};
		97B17B03BF874C17442725A8 /* Debug */ = {
			isa = XCBuildConfiguration;
			baseConfigurationReference = 0A9BB32A79A39C789D5D543F /* Base.xcconfig */;
			buildSettings = {
				BUNDLE_LOADER = "";
				CC = /Applications/Xcode.app/Contents/Developer/Toolchains/XcodeDefault.xctoolchain/usr/bin/clang;
				CLANG_ENABLE_EXPLICIT_MODULES = NO;
				CLANG_ENABLE_MODULES = YES;
				CODE_SIGN_STYLE = Automatic;
				CURRENT_PROJECT_VERSION = 1;
				DEAD_CODE_STRIPPING = YES;
				DEVELOPMENT_TEAM = 8GPF2CCDMW;
				GENERATE_INFOPLIST_FILE = YES;
				LD = /Applications/Xcode.app/Contents/Developer/Toolchains/XcodeDefault.xctoolchain/usr/bin/clang;
				LDPLUSPLUS = /Applications/Xcode.app/Contents/Developer/Toolchains/XcodeDefault.xctoolchain/usr/bin/clang;
				LD_RUNPATH_SEARCH_PATHS = (
					"$(inherited)",
					"@loader_path/../Frameworks",
					"@loader_path/Frameworks",
				);
				MACOSX_DEPLOYMENT_TARGET = 12.0;
				MARKETING_VERSION = 1.0;
				PRODUCT_BUNDLE_IDENTIFIER = com.qlgis.QLGIS.QLGISCoreTests;
				PRODUCT_NAME = "$(TARGET_NAME)";
				SDKROOT = macosx;
				SWIFT_VERSION = 6.0;
				TEST_HOST = "";
			};
			name = Debug;
		};
		9E00FBF0450498056CC45E8F /* Release */ = {
			isa = XCBuildConfiguration;
			baseConfigurationReference = 0A9BB32A79A39C789D5D543F /* Base.xcconfig */;
			buildSettings = {
				APPLICATION_EXTENSION_API_ONLY = YES;
				CC = /Applications/Xcode.app/Contents/Developer/Toolchains/XcodeDefault.xctoolchain/usr/bin/clang;
				CLANG_ENABLE_EXPLICIT_MODULES = NO;
				CLANG_ENABLE_MODULES = YES;
				CODE_SIGN_ENTITLEMENTS = QLGISPreviewExtension/QLGISPreviewExtension.entitlements;
				CODE_SIGN_STYLE = Automatic;
				CURRENT_PROJECT_VERSION = 1;
				DEAD_CODE_STRIPPING = YES;
				DEVELOPMENT_TEAM = 8GPF2CCDMW;
				ENABLE_USER_SCRIPT_SANDBOXING = NO;
				INFOPLIST_FILE = QLGISPreviewExtension/Info.plist;
				LD = /Applications/Xcode.app/Contents/Developer/Toolchains/XcodeDefault.xctoolchain/usr/bin/clang;
				LDPLUSPLUS = /Applications/Xcode.app/Contents/Developer/Toolchains/XcodeDefault.xctoolchain/usr/bin/clang;
				LD_RUNPATH_SEARCH_PATHS = (
					"$(inherited)",
					"@executable_path/../Frameworks",
					"@executable_path/../../Frameworks",
				);
				MACOSX_DEPLOYMENT_TARGET = 12.0;
				MARKETING_VERSION = 1.0;
				PRODUCT_BUNDLE_IDENTIFIER = com.qlgis.QLGIS.QLGISPreviewExtension;
				PRODUCT_NAME = "$(TARGET_NAME)";
				SDKROOT = macosx;
				SKIP_INSTALL = YES;
				SWIFT_VERSION = 6.0;
			};
			name = Release;
		};
		B7474A72B0599B5E6E802C40 /* Release */ = {
			isa = XCBuildConfiguration;
			baseConfigurationReference = 0A9BB32A79A39C789D5D543F /* Base.xcconfig */;
			buildSettings = {
				CC = /Applications/Xcode.app/Contents/Developer/Toolchains/XcodeDefault.xctoolchain/usr/bin/clang;
				CLANG_ENABLE_EXPLICIT_MODULES = NO;
				CLANG_ENABLE_MODULES = YES;
				CODE_SIGN_IDENTITY = "Apple Development";
				CODE_SIGN_STYLE = Automatic;
				COMBINE_HIDPI_IMAGES = YES;
				CURRENT_PROJECT_VERSION = 1;
				DEAD_CODE_STRIPPING = YES;
				DEFINES_MODULE = YES;
				DEVELOPMENT_TEAM = 8GPF2CCDMW;
				DYLIB_COMPATIBILITY_VERSION = 1;
				DYLIB_CURRENT_VERSION = 1;
				DYLIB_INSTALL_NAME_BASE = "@rpath";
				ENABLE_MODULE_VERIFIER = YES;
				GENERATE_INFOPLIST_FILE = YES;
				INSTALL_PATH = "$(LOCAL_LIBRARY_DIR)/Frameworks";
				LD = /Applications/Xcode.app/Contents/Developer/Toolchains/XcodeDefault.xctoolchain/usr/bin/clang;
				LDPLUSPLUS = /Applications/Xcode.app/Contents/Developer/Toolchains/XcodeDefault.xctoolchain/usr/bin/clang;
				LD_RUNPATH_SEARCH_PATHS = (
					"$(inherited)",
					"@loader_path/Frameworks",
					"@loader_path/../Frameworks",
				);
				MACOSX_DEPLOYMENT_TARGET = 12.0;
				MARKETING_VERSION = 1.0;
				MODULE_VERIFIER_SUPPORTED_LANGUAGE_STANDARDS = "gnu11 gnu++14";
				PRODUCT_BUNDLE_IDENTIFIER = com.qlgis.QLGIS.QLGISCore;
				PRODUCT_NAME = "$(TARGET_NAME)";
				SDKROOT = macosx;
				SKIP_INSTALL = YES;
				SWIFT_VERSION = 6.0;
				VERSIONING_SYSTEM = "apple-generic";
				VERSION_INFO_PREFIX = "";
			};
			name = Release;
		};
		D96B609E308C4C9C51791226 /* Debug */ = {
			isa = XCBuildConfiguration;
			buildSettings = {
				ALWAYS_SEARCH_USER_PATHS = NO;
				CLANG_ANALYZER_NONNULL = YES;
				CLANG_ANALYZER_NUMBER_OBJECT_CONVERSION = YES_AGGRESSIVE;
				CLANG_CXX_LANGUAGE_STANDARD = "gnu++14";
				CLANG_CXX_LIBRARY = "libc++";
				CLANG_ENABLE_MODULES = YES;
				CLANG_ENABLE_OBJC_ARC = YES;
				CLANG_ENABLE_OBJC_WEAK = YES;
				CLANG_WARN_BLOCK_CAPTURE_AUTORELEASING = YES;
				CLANG_WARN_BOOL_CONVERSION = YES;
				CLANG_WARN_COMMA = YES;
				CLANG_WARN_CONSTANT_CONVERSION = YES;
				CLANG_WARN_DEPRECATED_OBJC_IMPLEMENTATIONS = YES;
				CLANG_WARN_DIRECT_OBJC_ISA_USAGE = YES_ERROR;
				CLANG_WARN_DOCUMENTATION_COMMENTS = YES;
				CLANG_WARN_EMPTY_BODY = YES;
				CLANG_WARN_ENUM_CONVERSION = YES;
				CLANG_WARN_INFINITE_RECURSION = YES;
				CLANG_WARN_INT_CONVERSION = YES;
				CLANG_WARN_NON_LITERAL_NULL_CONVERSION = YES;
				CLANG_WARN_OBJC_IMPLICIT_RETAIN_SELF = YES;
				CLANG_WARN_OBJC_LITERAL_CONVERSION = YES;
				CLANG_WARN_OBJC_ROOT_CLASS = YES_ERROR;
				CLANG_WARN_QUOTED_INCLUDE_IN_FRAMEWORK_HEADER = YES;
				CLANG_WARN_RANGE_LOOP_ANALYSIS = YES;
				CLANG_WARN_STRICT_PROTOTYPES = YES;
				CLANG_WARN_SUSPICIOUS_MOVE = YES;
				CLANG_WARN_UNGUARDED_AVAILABILITY = YES_AGGRESSIVE;
				CLANG_WARN_UNREACHABLE_CODE = YES;
				CLANG_WARN__DUPLICATE_METHOD_MATCH = YES;
				COPY_PHASE_STRIP = NO;
				DEAD_CODE_STRIPPING = YES;
				DEBUG_INFORMATION_FORMAT = dwarf;
				ENABLE_STRICT_OBJC_MSGSEND = YES;
				ENABLE_TESTABILITY = YES;
				GCC_C_LANGUAGE_STANDARD = gnu11;
				GCC_DYNAMIC_NO_PIC = NO;
				GCC_NO_COMMON_BLOCKS = YES;
				GCC_OPTIMIZATION_LEVEL = 0;
				GCC_PREPROCESSOR_DEFINITIONS = (
					"DEBUG=1",
					"$(inherited)",
				);
				GCC_WARN_64_TO_32_BIT_CONVERSION = YES;
				GCC_WARN_ABOUT_RETURN_TYPE = YES_ERROR;
				GCC_WARN_UNDECLARED_SELECTOR = YES;
				GCC_WARN_UNINITIALIZED_AUTOS = YES_AGGRESSIVE;
				GCC_WARN_UNUSED_FUNCTION = YES;
				GCC_WARN_UNUSED_VARIABLE = YES;
				MTL_ENABLE_DEBUG_INFO = INCLUDE_SOURCE;
				MTL_FAST_MATH = YES;
				ONLY_ACTIVE_ARCH = YES;
				PRODUCT_NAME = "$(TARGET_NAME)";
				SWIFT_ACTIVE_COMPILATION_CONDITIONS = DEBUG;
				SWIFT_OPTIMIZATION_LEVEL = "-Onone";
				SWIFT_VERSION = 5.0;
			};
			name = Debug;
		};
		DF08749DC93480FC87F32EE5 /* Debug */ = {
			isa = XCBuildConfiguration;
			baseConfigurationReference = 0A9BB32A79A39C789D5D543F /* Base.xcconfig */;
			buildSettings = {
				APPLICATION_EXTENSION_API_ONLY = YES;
				CC = /Applications/Xcode.app/Contents/Developer/Toolchains/XcodeDefault.xctoolchain/usr/bin/clang;
				CLANG_ENABLE_EXPLICIT_MODULES = NO;
				CLANG_ENABLE_MODULES = YES;
				CODE_SIGN_ENTITLEMENTS = QLGISPreviewExtension/QLGISPreviewExtension.entitlements;
				CODE_SIGN_STYLE = Automatic;
				CURRENT_PROJECT_VERSION = 1;
				DEAD_CODE_STRIPPING = YES;
				DEVELOPMENT_TEAM = 8GPF2CCDMW;
				ENABLE_USER_SCRIPT_SANDBOXING = NO;
				INFOPLIST_FILE = QLGISPreviewExtension/Info.plist;
				LD = /Applications/Xcode.app/Contents/Developer/Toolchains/XcodeDefault.xctoolchain/usr/bin/clang;
				LDPLUSPLUS = /Applications/Xcode.app/Contents/Developer/Toolchains/XcodeDefault.xctoolchain/usr/bin/clang;
				LD_RUNPATH_SEARCH_PATHS = (
					"$(inherited)",
					"@executable_path/../Frameworks",
					"@executable_path/../../Frameworks",
				);
				MACOSX_DEPLOYMENT_TARGET = 12.0;
				MARKETING_VERSION = 1.0;
				PRODUCT_BUNDLE_IDENTIFIER = com.qlgis.QLGIS.QLGISPreviewExtension;
				PRODUCT_NAME = "$(TARGET_NAME)";
				SDKROOT = macosx;
				SKIP_INSTALL = YES;
				SWIFT_VERSION = 6.0;
			};
			name = Debug;
		};
/* End XCBuildConfiguration section */

/* Begin XCConfigurationList section */
		03A7413967DAD85050051BE4 /* Build configuration list for PBXNativeTarget "QLGIS" */ = {
			isa = XCConfigurationList;
			buildConfigurations = (
				0F7908EDC33DFA93F87AE0DF /* Release */,
				7439086A9352B37CD64ED00A /* Debug */,
			);
			defaultConfigurationIsVisible = 0;
			defaultConfigurationName = Release;
		};
		2F90A42A3FD5539445E60D11 /* Build configuration list for PBXProject "QLGIS" */ = {
			isa = XCConfigurationList;
			buildConfigurations = (
				D96B609E308C4C9C51791226 /* Debug */,
				15F97E6CE67222944697C11F /* Release */,
			);
			defaultConfigurationIsVisible = 0;
			defaultConfigurationName = Release;
		};
		606B6F5159E25230033E1653 /* Build configuration list for PBXNativeTarget "QLGISCoreTests" */ = {
			isa = XCConfigurationList;
			buildConfigurations = (
				5B6976A1A1F5F1BD86CDDD57 /* Release */,
				97B17B03BF874C17442725A8 /* Debug */,
			);
			defaultConfigurationIsVisible = 0;
			defaultConfigurationName = Release;
		};
		B16654A2C9FEABBC5B5E0574 /* Build configuration list for PBXNativeTarget "QLGISCore" */ = {
			isa = XCConfigurationList;
			buildConfigurations = (
				B7474A72B0599B5E6E802C40 /* Release */,
				869E1CE4BB5CE34D8C9899A5 /* Debug */,
			);
			defaultConfigurationIsVisible = 0;
			defaultConfigurationName = Release;
		};
		CEE4F54CFBBBFA6DA8838792 /* Build configuration list for PBXNativeTarget "QLGISPreviewExtension" */ = {
			isa = XCConfigurationList;
			buildConfigurations = (
				9E00FBF0450498056CC45E8F /* Release */,
				DF08749DC93480FC87F32EE5 /* Debug */,
			);
			defaultConfigurationIsVisible = 0;
			defaultConfigurationName = Release;
		};
/* End XCConfigurationList section */
	};
	rootObject = 106EA2CD658DD95A13D1E752 /* Project object */;
}
